# This file was autogenerated by Stack.
# You should not edit this file by hand.
# For more information, please see the documentation at:
#   https://docs.haskellstack.org/en/stable/lock_files

packages:
- completed:
    hackage: country-0.2.1@sha256:6988516f98054efce913e7027fb2659e9b2f67e033a10ea8b5b14ac6a3c2749b,2413
    pantry-tree:
      size: 801
      sha256: 3ee3ee1480a2012873885cbc24e17f0396916dc62c2a7b5b0a158643cbbbda9e
  original:
    hackage: country-0.2.1@sha256:6988516f98054efce913e7027fb2659e9b2f67e033a10ea8b5b14ac6a3c2749b,2413
- completed:
    hackage: esqueleto-3.4.0.1@sha256:85077c6b11e06e0ac4a5cb07fb6b71448dcd2dc1e9831ea8115cb9090c342500,5869
    pantry-tree:
      size: 1542
      sha256: 2cd6bd749fa1c1f9aa9730010a9bd516f4f4edaf9e9c1b3d39b1ad4e163b7ca7
  original:
    hackage: esqueleto-3.4.0.1@sha256:85077c6b11e06e0ac4a5cb07fb6b71448dcd2dc1e9831ea8115cb9090c342500,5869
snapshots:
- completed:
    size: 477128
    url: https://raw.githubusercontent.com/commercialhaskell/stackage-snapshots/master/nightly/2020/2/8.yaml
    sha256: 8352f72529b606711c4df7d378ee80478f1c04e9aed4bc2b37d972062b288a93
  original: nightly-2020-02-08
