# This file was autogenerated by Stack.
# You should not edit this file by hand.
# For more information, please see the documentation at:
#   https://docs.haskellstack.org/en/stable/lock_files

packages:
- completed:
    hackage: country-0.2.1@sha256:6988516f98054efce913e7027fb2659e9b2f67e033a10ea8b5b14ac6a3c2749b,2413
    pantry-tree:
      size: 801
      sha256: 3ee3ee1480a2012873885cbc24e17f0396916dc62c2a7b5b0a158643cbbbda9e
  original:
    hackage: country-0.2.1@sha256:6988516f98054efce913e7027fb2659e9b2f67e033a10ea8b5b14ac6a3c2749b,2413
snapshots:
- completed:
    size: 534126
    url: https://raw.githubusercontent.com/commercialhaskell/stackage-snapshots/master/lts/16/31.yaml
    sha256: 637fb77049b25560622a224845b7acfe81a09fdb6a96a3c75997a10b651667f6
  original: lts-16.31
