# This file was autogenerated by Stack.
# You should not edit this file by hand.
# For more information, please see the documentation at:
#   https://docs.haskellstack.org/en/stable/lock_files

packages: []
snapshots:
- completed:
    sha256: 3ce900e74d0890ae59692705e21c0dc1312acae79850f64a3b9e339e14612854
    size: 631308
    url: https://raw.githubusercontent.com/commercialhaskell/stackage-snapshots/master/nightly/2025/1/20.yaml
  original: nightly-2025-01-20
