# This file was autogenerated by Stack.
# You should not edit this file by hand.
# For more information, please see the documentation at:
#   https://docs.haskellstack.org/en/stable/topics/lock_files

packages:
- completed:
    hackage: autodocodec-0.2.3.0@sha256:776aa19405770ae664eab872bd7e20c883a723eccd1daab0d31d08f2ae9f03da,1583
    pantry-tree:
      sha256: b4dc656d0ad9c79cd1ea241b82633a2f53a1e6e2038e67ad115edaf3ec0fa0f9
      size: 760
  original:
    hackage: autodocodec-0.2.3.0
- completed:
    hackage: esqueleto-3.0.0@sha256:efd84fd11ceaf0ae4e1b0c6236122b1f213c2c6f2f4f58e30f03eddc2ec3f423,5248
    pantry-tree:
      sha256: 74e43834d5cc468acc3cb6e8a81567ebfbb5350a3e07ae01dd7f30d6255274a1
      size: 1127
  original:
    hackage: esqueleto-3.0.0@sha256:efd84fd11ceaf0ae4e1b0c6236122b1f213c2c6f2f4f58e30f03eddc2ec3f423
snapshots:
- completed:
    sha256: 7ea31a280c56bf36ff591a7397cc384d0dff622e7f9e4225b47d8980f019a0f0
    size: 524996
    url: https://raw.githubusercontent.com/commercialhaskell/stackage-snapshots/master/lts/14/27.yaml
  original: lts-14.27
