# This file was autogenerated by Stack.
# You should not edit this file by hand.
# For more information, please see the documentation at:
#   https://docs.haskellstack.org/en/stable/topics/lock_files

packages:
- completed:
    hackage: autodocodec-0.4.2.2@sha256:93b72477d84181a62c81b54bcffec31afbe15af987214e66bc408c37b9555b4f,1595
    pantry-tree:
      sha256: bfb550c0eeee66eea27efc870c0a1c9a427749b37b613fb50a669328ad0d84f7
      size: 762
  original:
    hackage: autodocodec-0.4.2.2
- completed:
    hackage: country-0.2.1@sha256:6988516f98054efce913e7027fb2659e9b2f67e033a10ea8b5b14ac6a3c2749b,2413
    pantry-tree:
      sha256: 3ee3ee1480a2012873885cbc24e17f0396916dc62c2a7b5b0a158643cbbbda9e
      size: 801
  original:
    hackage: country-0.2.1@sha256:6988516f98054efce913e7027fb2659e9b2f67e033a10ea8b5b14ac6a3c2749b,2413
snapshots:
- completed:
    sha256: 637fb77049b25560622a224845b7acfe81a09fdb6a96a3c75997a10b651667f6
    size: 534126
    url: https://raw.githubusercontent.com/commercialhaskell/stackage-snapshots/master/lts/16/31.yaml
  original: lts-16.31
