# This file was autogenerated by Stack.
# You should not edit this file by hand.
# For more information, please see the documentation at:
#   https://docs.haskellstack.org/en/stable/topics/lock_files

packages:
- completed:
    hackage: autodocodec-0.4.1.0@sha256:e0e8d067b01490652b5db934f2760f0366d69c948c7a99fe9d1be629233e577e,1583
    pantry-tree:
      sha256: e157cb7ca4b8c63e3afeb37fd3d774bef52d5ae04e9e406f18840ff2f84fbf5f
      size: 762
  original:
    hackage: autodocodec-0.4.1.0
- completed:
    hackage: country-0.2.1@sha256:6988516f98054efce913e7027fb2659e9b2f67e033a10ea8b5b14ac6a3c2749b,2413
    pantry-tree:
      sha256: 3ee3ee1480a2012873885cbc24e17f0396916dc62c2a7b5b0a158643cbbbda9e
      size: 801
  original:
    hackage: country-0.2.1@sha256:6988516f98054efce913e7027fb2659e9b2f67e033a10ea8b5b14ac6a3c2749b,2413
snapshots:
- completed:
    sha256: 637fb77049b25560622a224845b7acfe81a09fdb6a96a3c75997a10b651667f6
    size: 534126
    url: https://raw.githubusercontent.com/commercialhaskell/stackage-snapshots/master/lts/16/31.yaml
  original: lts-16.31
